Microsoft Visual Studio Solution File, Format Version 12.00
# Visual Studio Version 17
VisualStudioVersion = 17.5.2.0
MinimumVisualStudioVersion = 10.0.40219.1
Project("{FAE04EC0-301F-11D3-BF4B-00C04F79EFBC}") = "Workshop2", "Workshop2.csproj", "{5F7A45D3-EE23-5FF9-10B8-9B897718B14F}"
EndProject
Global
	GlobalSection(SolutionConfigurationPlatforms) = preSolution
		Debug|Any CPU = Debug|Any CPU
		Release|Any CPU = Release|Any CPU
	EndGlobalSection
	GlobalSection(ProjectConfigurationPlatforms) = postSolution
		{5F7A45D3-EE23-5FF9-10B8-9B897718B14F}.Debug|Any CPU.ActiveCfg = Debug|Any CPU
		{5F7A45D3-EE23-5FF9-10B8-9B897718B14F}.Debug|Any CPU.Build.0 = Debug|Any CPU
		{5F7A45D3-EE23-5FF9-10B8-9B897718B14F}.Release|Any CPU.ActiveCfg = Release|Any CPU
		{5F7A45D3-EE23-5FF9-10B8-9B897718B14F}.Release|Any CPU.Build.0 = Release|Any CPU
	EndGlobalSection
	GlobalSection(SolutionProperties) = preSolution
		HideSolutionNode = FALSE
	EndGlobalSection
	GlobalSection(ExtensibilityGlobals) = postSolution
		SolutionGuid = {5B9BB99A-9327-4FF7-8BA5-A4C76009D5F3}
	EndGlobalSection
EndGlobal
